
Microsoft Visual Studio Solution File, Format Version 12.00
# Visual Studio Version 17
VisualStudioVersion = 17.9.34728.123
MinimumVisualStudioVersion = 10.0.40219.1
Project("{FAE04EC0-301F-11D3-BF4B-00C04F79EFBC}") = "firstgithub", "firstgithub\firstgithub.csproj", "{293A2C0A-BF82-4543-92AD-C6263F0FDEAE}"
EndProject
Global
	GlobalSection(SolutionConfigurationPlatforms) = preSolution
		Debug|Any CPU = Debug|Any CPU
		Release|Any CPU = Release|Any CPU
	EndGlobalSection
	GlobalSection(ProjectConfigurationPlatforms) = postSolution
		{293A2C0A-BF82-4543-92AD-C6263F0FDEAE}.Debug|Any CPU.ActiveCfg = Debug|Any CPU
		{293A2C0A-BF82-4543-92AD-C6263F0FDEAE}.Debug|Any CPU.Build.0 = Debug|Any CPU
		{293A2C0A-BF82-4543-92AD-C6263F0FDEAE}.Release|Any CPU.ActiveCfg = Release|Any CPU
		{293A2C0A-BF82-4543-92AD-C6263F0FDEAE}.Release|Any CPU.Build.0 = Release|Any CPU
	EndGlobalSection
	GlobalSection(SolutionProperties) = preSolution
		HideSolutionNode = FALSE
	EndGlobalSection
	GlobalSection(ExtensibilityGlobals) = postSolution
		SolutionGuid = {BC3FB78D-2FE5-4D22-A67B-0C4E74BAFE61}
	EndGlobalSection
EndGlobal
