
Microsoft Visual Studio Solution File, Format Version 12.00
# Visual Studio Version 17
VisualStudioVersion = 17.9.34728.123
MinimumVisualStudioVersion = 10.0.40219.1
Project("{FAE04EC0-301F-11D3-BF4B-00C04F79EFBC}") = "simpleinterestcalculator", "simpleinterestcalculator\simpleinterestcalculator.csproj", "{B61D4B2F-2248-438D-A33F-AA2DADCBD0D0}"
EndProject
Global
	GlobalSection(SolutionConfigurationPlatforms) = preSolution
		Debug|Any CPU = Debug|Any CPU
		Release|Any CPU = Release|Any CPU
	EndGlobalSection
	GlobalSection(ProjectConfigurationPlatforms) = postSolution
		{B61D4B2F-2248-438D-A33F-AA2DADCBD0D0}.Debug|Any CPU.ActiveCfg = Debug|Any CPU
		{B61D4B2F-2248-438D-A33F-AA2DADCBD0D0}.Debug|Any CPU.Build.0 = Debug|Any CPU
		{B61D4B2F-2248-438D-A33F-AA2DADCBD0D0}.Release|Any CPU.ActiveCfg = Release|Any CPU
		{B61D4B2F-2248-438D-A33F-AA2DADCBD0D0}.Release|Any CPU.Build.0 = Release|Any CPU
	EndGlobalSection
	GlobalSection(SolutionProperties) = preSolution
		HideSolutionNode = FALSE
	EndGlobalSection
	GlobalSection(ExtensibilityGlobals) = postSolution
		SolutionGuid = {E0E492B0-BE4D-4B57-8BFB-78E7927948B4}
	EndGlobalSection
EndGlobal
