
Microsoft Visual Studio Solution File, Format Version 12.00
# Visual Studio Version 17
VisualStudioVersion = 17.9.34728.123
MinimumVisualStudioVersion = 10.0.40219.1
Project("{FAE04EC0-301F-11D3-BF4B-00C04F79EFBC}") = "LeapyYear", "LeapyYear\LeapyYear.csproj", "{498A120E-B2C7-4929-9701-17B21744F645}"
EndProject
Global
	GlobalSection(SolutionConfigurationPlatforms) = preSolution
		Debug|Any CPU = Debug|Any CPU
		Release|Any CPU = Release|Any CPU
	EndGlobalSection
	GlobalSection(ProjectConfigurationPlatforms) = postSolution
		{498A120E-B2C7-4929-9701-17B21744F645}.Debug|Any CPU.ActiveCfg = Debug|Any CPU
		{498A120E-B2C7-4929-9701-17B21744F645}.Debug|Any CPU.Build.0 = Debug|Any CPU
		{498A120E-B2C7-4929-9701-17B21744F645}.Release|Any CPU.ActiveCfg = Release|Any CPU
		{498A120E-B2C7-4929-9701-17B21744F645}.Release|Any CPU.Build.0 = Release|Any CPU
	EndGlobalSection
	GlobalSection(SolutionProperties) = preSolution
		HideSolutionNode = FALSE
	EndGlobalSection
	GlobalSection(ExtensibilityGlobals) = postSolution
		SolutionGuid = {C391930B-3240-4DD2-9829-802DE2DAF402}
	EndGlobalSection
EndGlobal
