
Microsoft Visual Studio Solution File, Format Version 12.00
# Visual Studio Version 17
VisualStudioVersion = 17.9.34728.123
MinimumVisualStudioVersion = 10.0.40219.1
Project("{FAE04EC0-301F-11D3-BF4B-00C04F79EFBC}") = "user_array", "user_array\user_array.csproj", "{C4E0DAEA-31E7-4951-B7F5-155742B7D22C}"
EndProject
Global
	GlobalSection(SolutionConfigurationPlatforms) = preSolution
		Debug|Any CPU = Debug|Any CPU
		Release|Any CPU = Release|Any CPU
	EndGlobalSection
	GlobalSection(ProjectConfigurationPlatforms) = postSolution
		{C4E0DAEA-31E7-4951-B7F5-155742B7D22C}.Debug|Any CPU.ActiveCfg = Debug|Any CPU
		{C4E0DAEA-31E7-4951-B7F5-155742B7D22C}.Debug|Any CPU.Build.0 = Debug|Any CPU
		{C4E0DAEA-31E7-4951-B7F5-155742B7D22C}.Release|Any CPU.ActiveCfg = Release|Any CPU
		{C4E0DAEA-31E7-4951-B7F5-155742B7D22C}.Release|Any CPU.Build.0 = Release|Any CPU
	EndGlobalSection
	GlobalSection(SolutionProperties) = preSolution
		HideSolutionNode = FALSE
	EndGlobalSection
	GlobalSection(ExtensibilityGlobals) = postSolution
		SolutionGuid = {5C731298-7CD5-4658-B6D5-B87D4C7C33C7}
	EndGlobalSection
EndGlobal
