
Microsoft Visual Studio Solution File, Format Version 12.00
# Visual Studio Version 17
VisualStudioVersion = 17.9.34728.123
MinimumVisualStudioVersion = 10.0.40219.1
Project("{FAE04EC0-301F-11D3-BF4B-00C04F79EFBC}") = "assessment", "assessment\assessment.csproj", "{C3B83C40-D6B6-43AF-A87D-260A9C8C549C}"
EndProject
Global
	GlobalSection(SolutionConfigurationPlatforms) = preSolution
		Debug|Any CPU = Debug|Any CPU
		Release|Any CPU = Release|Any CPU
	EndGlobalSection
	GlobalSection(ProjectConfigurationPlatforms) = postSolution
		{C3B83C40-D6B6-43AF-A87D-260A9C8C549C}.Debug|Any CPU.ActiveCfg = Debug|Any CPU
		{C3B83C40-D6B6-43AF-A87D-260A9C8C549C}.Debug|Any CPU.Build.0 = Debug|Any CPU
		{C3B83C40-D6B6-43AF-A87D-260A9C8C549C}.Release|Any CPU.ActiveCfg = Release|Any CPU
		{C3B83C40-D6B6-43AF-A87D-260A9C8C549C}.Release|Any CPU.Build.0 = Release|Any CPU
	EndGlobalSection
	GlobalSection(SolutionProperties) = preSolution
		HideSolutionNode = FALSE
	EndGlobalSection
	GlobalSection(ExtensibilityGlobals) = postSolution
		SolutionGuid = {12FAC9B1-6243-4909-8E62-BB70D5A33766}
	EndGlobalSection
EndGlobal
